Microsoft Visual Studio Solution File, Format Version 12.00
# Visual Studio 15
VisualStudioVersion = 15.0.27130.2027
MinimumVisualStudioVersion = 15.0.26124.0
Project("{FAE04EC0-301F-11D3-BF4B-00C04F79EFBC}") = "LMPT.Core.Tests", "LMPT.Core.Tests\LMPT.Core.Tests.csproj", "{3FB6932C-3D30-4C2F-94B1-897DAEBB4484}"
EndProject
Project("{FAE04EC0-301F-11D3-BF4B-00C04F79EFBC}") = "LMPT.Core.Services", "LMPT.Core.Services\LMPT.Core.Services.csproj", "{3380B599-1E34-4229-A250-B7EA0902CDD2}"
EndProject
Project("{FAE04EC0-301F-11D3-BF4B-00C04F79EFBC}") = "LMPT.Core.DB", "LMPT.Core.DB\LMPT.Core.DB.csproj", "{855B3CB6-3030-46E2-A134-E5FC4404129B}"
EndProject
Project("{FAE04EC0-301F-11D3-BF4B-00C04F79EFBC}") = "LMPT.Core.Contract", "LMPT.Core.Contract\LMPT.Core.Contract.csproj", "{86AED0CB-7D92-4082-840D-90DCEDF79F44}"
EndProject
Project("{FAE04EC0-301F-11D3-BF4B-00C04F79EFBC}") = "LMPT.Core.Server", "LMPT.Core.Server\LMPT.Core.Server.csproj", "{EC214BA1-4B09-4F2E-8769-72392AD3349C}"
EndProject
Project("{9A19103F-16F7-4668-BE54-9A1E7A4F7556}") = "_build", "..\..\build\_build.csproj", "{6F5B4901-893F-420A-B15F-845C1A17E91C}"
EndProject
Global
	GlobalSection(SolutionConfigurationPlatforms) = preSolution
		Debug|Any CPU = Debug|Any CPU
		Debug|x64 = Debug|x64
		Debug|x86 = Debug|x86
		Release|Any CPU = Release|Any CPU
		Release|x64 = Release|x64
		Release|x86 = Release|x86
	EndGlobalSection
	GlobalSection(ProjectConfigurationPlatforms) = postSolution
		{6F5B4901-893F-420A-B15F-845C1A17E91C}.Debug|Any CPU.ActiveCfg = Debug|Any CPU
		{6F5B4901-893F-420A-B15F-845C1A17E91C}.Release|Any CPU.ActiveCfg = Release|Any CPU
		{3FB6932C-3D30-4C2F-94B1-897DAEBB4484}.Debug|Any CPU.ActiveCfg = Debug|Any CPU
		{3FB6932C-3D30-4C2F-94B1-897DAEBB4484}.Debug|Any CPU.Build.0 = Debug|Any CPU
		{3FB6932C-3D30-4C2F-94B1-897DAEBB4484}.Debug|x64.ActiveCfg = Debug|Any CPU
		{3FB6932C-3D30-4C2F-94B1-897DAEBB4484}.Debug|x64.Build.0 = Debug|Any CPU
		{3FB6932C-3D30-4C2F-94B1-897DAEBB4484}.Debug|x86.ActiveCfg = Debug|Any CPU
		{3FB6932C-3D30-4C2F-94B1-897DAEBB4484}.Debug|x86.Build.0 = Debug|Any CPU
		{3FB6932C-3D30-4C2F-94B1-897DAEBB4484}.Release|Any CPU.ActiveCfg = Release|Any CPU
		{3FB6932C-3D30-4C2F-94B1-897DAEBB4484}.Release|Any CPU.Build.0 = Release|Any CPU
		{3FB6932C-3D30-4C2F-94B1-897DAEBB4484}.Release|x64.ActiveCfg = Release|Any CPU
		{3FB6932C-3D30-4C2F-94B1-897DAEBB4484}.Release|x64.Build.0 = Release|Any CPU
		{3FB6932C-3D30-4C2F-94B1-897DAEBB4484}.Release|x86.ActiveCfg = Release|Any CPU
		{3FB6932C-3D30-4C2F-94B1-897DAEBB4484}.Release|x86.Build.0 = Release|Any CPU
		{3380B599-1E34-4229-A250-B7EA0902CDD2}.Debug|Any CPU.ActiveCfg = Debug|Any CPU
		{3380B599-1E34-4229-A250-B7EA0902CDD2}.Debug|Any CPU.Build.0 = Debug|Any CPU
		{3380B599-1E34-4229-A250-B7EA0902CDD2}.Debug|x64.ActiveCfg = Debug|Any CPU
		{3380B599-1E34-4229-A250-B7EA0902CDD2}.Debug|x64.Build.0 = Debug|Any CPU
		{3380B599-1E34-4229-A250-B7EA0902CDD2}.Debug|x86.ActiveCfg = Debug|Any CPU
		{3380B599-1E34-4229-A250-B7EA0902CDD2}.Debug|x86.Build.0 = Debug|Any CPU
		{3380B599-1E34-4229-A250-B7EA0902CDD2}.Release|Any CPU.ActiveCfg = Release|Any CPU
		{3380B599-1E34-4229-A250-B7EA0902CDD2}.Release|Any CPU.Build.0 = Release|Any CPU
		{3380B599-1E34-4229-A250-B7EA0902CDD2}.Release|x64.ActiveCfg = Release|Any CPU
		{3380B599-1E34-4229-A250-B7EA0902CDD2}.Release|x64.Build.0 = Release|Any CPU
		{3380B599-1E34-4229-A250-B7EA0902CDD2}.Release|x86.ActiveCfg = Release|Any CPU
		{3380B599-1E34-4229-A250-B7EA0902CDD2}.Release|x86.Build.0 = Release|Any CPU
		{855B3CB6-3030-46E2-A134-E5FC4404129B}.Debug|Any CPU.ActiveCfg = Debug|Any CPU
		{855B3CB6-3030-46E2-A134-E5FC4404129B}.Debug|Any CPU.Build.0 = Debug|Any CPU
		{855B3CB6-3030-46E2-A134-E5FC4404129B}.Debug|x64.ActiveCfg = Debug|Any CPU
		{855B3CB6-3030-46E2-A134-E5FC4404129B}.Debug|x64.Build.0 = Debug|Any CPU
		{855B3CB6-3030-46E2-A134-E5FC4404129B}.Debug|x86.ActiveCfg = Debug|Any CPU
		{855B3CB6-3030-46E2-A134-E5FC4404129B}.Debug|x86.Build.0 = Debug|Any CPU
		{855B3CB6-3030-46E2-A134-E5FC4404129B}.Release|Any CPU.ActiveCfg = Release|Any CPU
		{855B3CB6-3030-46E2-A134-E5FC4404129B}.Release|Any CPU.Build.0 = Release|Any CPU
		{855B3CB6-3030-46E2-A134-E5FC4404129B}.Release|x64.ActiveCfg = Release|Any CPU
		{855B3CB6-3030-46E2-A134-E5FC4404129B}.Release|x64.Build.0 = Release|Any CPU
		{855B3CB6-3030-46E2-A134-E5FC4404129B}.Release|x86.ActiveCfg = Release|Any CPU
		{855B3CB6-3030-46E2-A134-E5FC4404129B}.Release|x86.Build.0 = Release|Any CPU
		{86AED0CB-7D92-4082-840D-90DCEDF79F44}.Debug|Any CPU.ActiveCfg = Debug|Any CPU
		{86AED0CB-7D92-4082-840D-90DCEDF79F44}.Debug|Any CPU.Build.0 = Debug|Any CPU
		{86AED0CB-7D92-4082-840D-90DCEDF79F44}.Debug|x64.ActiveCfg = Debug|Any CPU
		{86AED0CB-7D92-4082-840D-90DCEDF79F44}.Debug|x64.Build.0 = Debug|Any CPU
		{86AED0CB-7D92-4082-840D-90DCEDF79F44}.Debug|x86.ActiveCfg = Debug|Any CPU
		{86AED0CB-7D92-4082-840D-90DCEDF79F44}.Debug|x86.Build.0 = Debug|Any CPU
		{86AED0CB-7D92-4082-840D-90DCEDF79F44}.Release|Any CPU.ActiveCfg = Release|Any CPU
		{86AED0CB-7D92-4082-840D-90DCEDF79F44}.Release|Any CPU.Build.0 = Release|Any CPU
		{86AED0CB-7D92-4082-840D-90DCEDF79F44}.Release|x64.ActiveCfg = Release|Any CPU
		{86AED0CB-7D92-4082-840D-90DCEDF79F44}.Release|x64.Build.0 = Release|Any CPU
		{86AED0CB-7D92-4082-840D-90DCEDF79F44}.Release|x86.ActiveCfg = Release|Any CPU
		{86AED0CB-7D92-4082-840D-90DCEDF79F44}.Release|x86.Build.0 = Release|Any CPU
		{EC214BA1-4B09-4F2E-8769-72392AD3349C}.Debug|Any CPU.ActiveCfg = Debug|Any CPU
		{EC214BA1-4B09-4F2E-8769-72392AD3349C}.Debug|Any CPU.Build.0 = Debug|Any CPU
		{EC214BA1-4B09-4F2E-8769-72392AD3349C}.Debug|x64.ActiveCfg = Debug|Any CPU
		{EC214BA1-4B09-4F2E-8769-72392AD3349C}.Debug|x64.Build.0 = Debug|Any CPU
		{EC214BA1-4B09-4F2E-8769-72392AD3349C}.Debug|x86.ActiveCfg = Debug|Any CPU
		{EC214BA1-4B09-4F2E-8769-72392AD3349C}.Debug|x86.Build.0 = Debug|Any CPU
		{EC214BA1-4B09-4F2E-8769-72392AD3349C}.Release|Any CPU.ActiveCfg = Release|Any CPU
		{EC214BA1-4B09-4F2E-8769-72392AD3349C}.Release|Any CPU.Build.0 = Release|Any CPU
		{EC214BA1-4B09-4F2E-8769-72392AD3349C}.Release|x64.ActiveCfg = Release|Any CPU
		{EC214BA1-4B09-4F2E-8769-72392AD3349C}.Release|x64.Build.0 = Release|Any CPU
		{EC214BA1-4B09-4F2E-8769-72392AD3349C}.Release|x86.ActiveCfg = Release|Any CPU
		{EC214BA1-4B09-4F2E-8769-72392AD3349C}.Release|x86.Build.0 = Release|Any CPU
	EndGlobalSection
	GlobalSection(SolutionProperties) = preSolution
		HideSolutionNode = FALSE
	EndGlobalSection
	GlobalSection(ExtensibilityGlobals) = postSolution
		SolutionGuid = {3F40247E-DC3D-4242-AC51-BDE56842BEBB}
	EndGlobalSection
EndGlobal
